
Microsoft Visual Studio Solution File, Format Version 12.00
# Visual Studio Version 16
VisualStudioVersion = 16.0.29905.134
MinimumVisualStudioVersion = 10.0.40219.1
Project("{FAE04EC0-301F-11D3-BF4B-00C04F79EFBC}") = "ConsoleApp1DotNetCore", "ConsoleApp1DotNetCore.csproj", "{0C943A2B-58A0-4506-97C3-1D5E1B0157FC}"
EndProject
Global
	GlobalSection(SolutionConfigurationPlatforms) = preSolution
		Debug|Any CPU = Debug|Any CPU
		Release|Any CPU = Release|Any CPU
	EndGlobalSection
	GlobalSection(ProjectConfigurationPlatforms) = postSolution
		{0C943A2B-58A0-4506-97C3-1D5E1B0157FC}.Debug|Any CPU.ActiveCfg = Debug|Any CPU
		{0C943A2B-58A0-4506-97C3-1D5E1B0157FC}.Debug|Any CPU.Build.0 = Debug|Any CPU
		{0C943A2B-58A0-4506-97C3-1D5E1B0157FC}.Release|Any CPU.ActiveCfg = Release|Any CPU
		{0C943A2B-58A0-4506-97C3-1D5E1B0157FC}.Release|Any CPU.Build.0 = Release|Any CPU
	EndGlobalSection
	GlobalSection(SolutionProperties) = preSolution
		HideSolutionNode = FALSE
	EndGlobalSection
	GlobalSection(ExtensibilityGlobals) = postSolution
		SolutionGuid = {ECAFEE30-2459-4F2C-A718-49BDC9669649}
	EndGlobalSection
EndGlobal
